<?xml version="1.0" encoding="utf-8"?>
<Project ToolsVersion="4.0" xmlns="http://schemas.microsoft.com/developer/msbuild/2003">
  <ItemGroup>
    <Filter Include="Simple">
      <UniqueIdentifier>{1f85dc66-aa31-4b62-862d-03cafb574c2c}</UniqueIdentifier>
    </Filter>
    <Filter Include="LearnOpenGL">
      <UniqueIdentifier>{485ef8c7-5059-496d-97c3-d65b16e2a9ec}</UniqueIdentifier>
    </Filter>
    <Filter Include="LearnOpenGL\3.3">
      <UniqueIdentifier>{79180cc2-ad92-4b36-8f30-571c32e7933f}</UniqueIdentifier>
    </Filter>
  </ItemGroup>
  <ItemGroup>
    <None Include="Simple\simple_vert.glsl">
      <Filter>Simple</Filter>
    </None>
    <None Include="Simple\simple_frag.glsl">
      <Filter>Simple</Filter>
    </None>
    <None Include="3.3\shader.vs.glsl">
      <Filter>LearnOpenGL\3.3</Filter>
    </None>
    <None Include="3.3\shader.fs.glsl">
      <Filter>LearnOpenGL\3.3</Filter>
    </None>
  </ItemGroup>
</Project>