<?xml version="1.0" encoding="utf-8"?>
<Project ToolsVersion="4.0" xmlns="http://schemas.microsoft.com/developer/msbuild/2003">
  <ItemGroup>
    <Filter Include="Main">
      <UniqueIdentifier>{0acc3afa-34f1-4a55-ba5e-c4f3d67ab9ff}</UniqueIdentifier>
    </Filter>
    <Filter Include="__Library__">
      <UniqueIdentifier>{af28c1fd-2099-4055-86dd-7a81a32db787}</UniqueIdentifier>
    </Filter>
    <Filter Include="Wnd">
      <UniqueIdentifier>{89110521-2f43-451e-a9ce-d912a7d7d94e}</UniqueIdentifier>
    </Filter>
    <Filter Include="Wnd\Base">
      <UniqueIdentifier>{d53acf9a-ee89-4ab8-b0ca-e985d353af4f}</UniqueIdentifier>
    </Filter>
  </ItemGroup>
  <ItemGroup>
    <ClCompile Include="main.cpp">
      <Filter>Main</Filter>
    </ClCompile>
    <ClCompile Include="..\..\include\v141\GLAD\glad.c">
      <Filter>__Library__</Filter>
    </ClCompile>
    <ClCompile Include="HelloTriangleWnd.cpp">
      <Filter>Wnd</Filter>
    </ClCompile>
    <ClCompile Include="ProgramDirectory.cpp">
      <Filter>Main</Filter>
    </ClCompile>
    <ClCompile Include="ShaderWnd.cpp">
      <Filter>Wnd</Filter>
    </ClCompile>
    <ClCompile Include="FrameWnd.cpp">
      <Filter>Wnd\Base</Filter>
    </ClCompile>
    <ClCompile Include="CameraWnd.cpp">
      <Filter>Wnd</Filter>
    </ClCompile>
    <ClCompile Include="LightingMapsWnd.cpp">
      <Filter>Wnd</Filter>
    </ClCompile>
    <ClCompile Include="LoadImage.cpp">
      <Filter>Main</Filter>
    </ClCompile>
  </ItemGroup>
  <ItemGroup>
    <ClInclude Include="learnopengl\shader_s.h">
      <Filter>__Library__</Filter>
    </ClInclude>
    <ClInclude Include="HelloTriangleWnd.h">
      <Filter>Wnd</Filter>
    </ClInclude>
    <ClInclude Include="ProgramDirectory.h">
      <Filter>Main</Filter>
    </ClInclude>
    <ClInclude Include="ShaderWnd.h">
      <Filter>Wnd</Filter>
    </ClInclude>
    <ClInclude Include="FrameWnd.h">
      <Filter>Wnd\Base</Filter>
    </ClInclude>
    <ClInclude Include="IncludeHeader.h">
      <Filter>Main</Filter>
    </ClInclude>
    <ClInclude Include="stb_image.h">
      <Filter>__Library__</Filter>
    </ClInclude>
    <ClInclude Include="learnopengl\camera.h">
      <Filter>__Library__</Filter>
    </ClInclude>
    <ClInclude Include="learnopengl\shader_m.h">
      <Filter>__Library__</Filter>
    </ClInclude>
    <ClInclude Include="CameraWnd.h">
      <Filter>Wnd</Filter>
    </ClInclude>
    <ClInclude Include="LightingMapsWnd.h">
      <Filter>Wnd</Filter>
    </ClInclude>
    <ClInclude Include="LoadImage.h">
      <Filter>Main</Filter>
    </ClInclude>
  </ItemGroup>
</Project>