<?xml version="1.0" encoding="utf-8"?>
<Project ToolsVersion="4.0" xmlns="http://schemas.microsoft.com/developer/msbuild/2003">
  <ItemGroup>
    <Image Include="Image\wall.jpg">
      <Filter>Image</Filter>
    </Image>
    <Image Include="Image\container.jpg">
      <Filter>Image</Filter>
    </Image>
    <Image Include="Image\awesomeface.png">
      <Filter>Image</Filter>
    </Image>
    <Image Include="Image\container2.png">
      <Filter>Image</Filter>
    </Image>
    <Image Include="Image\container2_specular.png">
      <Filter>Image</Filter>
    </Image>
  </ItemGroup>
  <ItemGroup>
    <Filter Include="Shader">
      <UniqueIdentifier>{abc0c302-6cb7-435f-8e7b-64df09fd7a6c}</UniqueIdentifier>
    </Filter>
    <Filter Include="Shader\3.3">
      <UniqueIdentifier>{642f6084-a4c9-4f7d-a2a7-7ab1a2a20d90}</UniqueIdentifier>
    </Filter>
    <Filter Include="Shader\Simple">
      <UniqueIdentifier>{e327255d-b8f6-4f89-bd4d-744a7ae9ea7a}</UniqueIdentifier>
    </Filter>
    <Filter Include="Shader\7.4">
      <UniqueIdentifier>{93a608a9-bb8a-4d14-b3b1-472665ce735c}</UniqueIdentifier>
    </Filter>
    <Filter Include="Image">
      <UniqueIdentifier>{cf54cdb4-57c3-487a-85da-d4c687245d57}</UniqueIdentifier>
    </Filter>
    <Filter Include="Shader\4.2">
      <UniqueIdentifier>{6b9007b7-4dd4-4b3c-9352-0b713db9b54f}</UniqueIdentifier>
    </Filter>
    <Filter Include="Shader\6">
      <UniqueIdentifier>{51d40151-ee93-443f-83f0-915cc7cf11cf}</UniqueIdentifier>
    </Filter>
  </ItemGroup>
  <ItemGroup>
    <None Include="Shader\3.3\shader.fs.glsl">
      <Filter>Shader\3.3</Filter>
    </None>
    <None Include="Shader\3.3\shader.vs.glsl">
      <Filter>Shader\3.3</Filter>
    </None>
    <None Include="Shader\Simple\simple.fs.glsl">
      <Filter>Shader\Simple</Filter>
    </None>
    <None Include="Shader\Simple\simple.vs.glsl">
      <Filter>Shader\Simple</Filter>
    </None>
    <None Include="Shader\7.4\camera.vs.glsl">
      <Filter>Shader\7.4</Filter>
    </None>
    <None Include="Shader\7.4\camera.fs.glsl">
      <Filter>Shader\7.4</Filter>
    </None>
    <None Include="Shader\4.2\lighting_maps.vs.glsl">
      <Filter>Shader\4.2</Filter>
    </None>
    <None Include="Shader\4.2\lighting_maps.fs.glsl">
      <Filter>Shader\4.2</Filter>
    </None>
    <None Include="Shader\4.2\light_cube.vs.glsl">
      <Filter>Shader\4.2</Filter>
    </None>
    <None Include="Shader\4.2\light_cube.fs.glsl">
      <Filter>Shader\4.2</Filter>
    </None>
    <None Include="Shader\6\multiple_lights.vs.glsl">
      <Filter>Shader\6</Filter>
    </None>
    <None Include="Shader\6\multiple_lights.fs.glsl">
      <Filter>Shader\6</Filter>
    </None>
    <None Include="Shader\6\light_cube.vs.glsl">
      <Filter>Shader\6</Filter>
    </None>
    <None Include="Shader\6\light_cube.fs.glsl">
      <Filter>Shader\6</Filter>
    </None>
  </ItemGroup>
</Project>